// !$*UTF8*$!
{
	archiveVersion = 1;
	classes = {
	};
	objectVersion = 46;
	objects = {

/* Begin PBXBuildFile section */
		00E356F31AD99517003FC87E /* HR2usMobileAppTests.m in Sources */ = {isa = PBXBuildFile; fileRef = 00E356F21AD99517003FC87E /* HR2usMobileAppTests.m */; };
		13B07FBC1A68108700A75B9A /* AppDelegate.m in Sources */ = {isa = PBXBuildFile; fileRef = 13B07FB01A68108700A75B9A /* AppDelegate.m */; };
		13B07FBD1A68108700A75B9A /* LaunchScreen.xib in Resources */ = {isa = PBXBuildFile; fileRef = 13B07FB11A68108700A75B9A /* LaunchScreen.xib */; };
		13B07FBF1A68108700A75B9A /* Images.xcassets in Resources */ = {isa = PBXBuildFile; fileRef = 13B07FB51A68108700A75B9A /* Images.xcassets */; };
		13B07FC11A68108700A75B9A /* main.m in Sources */ = {isa = PBXBuildFile; fileRef = 13B07FB71A68108700A75B9A /* main.m */; };
		2D02E4BC1E0B4A80006451C7 /* AppDelegate.m in Sources */ = {isa = PBXBuildFile; fileRef = 13B07FB01A68108700A75B9A /* AppDelegate.m */; };
		2D02E4BD1E0B4A84006451C7 /* Images.xcassets in Resources */ = {isa = PBXBuildFile; fileRef = 13B07FB51A68108700A75B9A /* Images.xcassets */; };
		2D02E4BF1E0B4AB3006451C7 /* main.m in Sources */ = {isa = PBXBuildFile; fileRef = 13B07FB71A68108700A75B9A /* main.m */; };
		2DCD954D1E0B4F2C00145EB5 /* HR2usMobileAppTests.m in Sources */ = {isa = PBXBuildFile; fileRef = 00E356F21AD99517003FC87E /* HR2usMobileAppTests.m */; };
		A5D3B767A07240DEBDC6BF95 /* AntDesign.ttf in Resources */ = {isa = PBXBuildFile; fileRef = 394AD8DBA6844FB0A0E3F961 /* AntDesign.ttf */; };
		F214B86E0A964A6A895B73AF /* Entypo.ttf in Resources */ = {isa = PBXBuildFile; fileRef = 8C2348223A2A42E880AF9A0A /* Entypo.ttf */; };
		CDDD306A5BDD4F82B4FCCA82 /* EvilIcons.ttf in Resources */ = {isa = PBXBuildFile; fileRef = B206E59815574AE19F55A67D /* EvilIcons.ttf */; };
		0B3A8EA0AE5A491A9D6615FC /* Feather.ttf in Resources */ = {isa = PBXBuildFile; fileRef = A3EA7C476DEF495494E9AB0B /* Feather.ttf */; };
		819A921ED07046508A405A58 /* FontAwesome.ttf in Resources */ = {isa = PBXBuildFile; fileRef = 537710CA190D4063986DF4A4 /* FontAwesome.ttf */; };
		9EA9C0BF891D4B63B23583C9 /* FontAwesome5_Brands.ttf in Resources */ = {isa = PBXBuildFile; fileRef = C65B094274634AAC8CD900C5 /* FontAwesome5_Brands.ttf */; };
		8293AD4EA66944818D46C4A0 /* FontAwesome5_Regular.ttf in Resources */ = {isa = PBXBuildFile; fileRef = 8240B2DA146F4E70A9A00015 /* FontAwesome5_Regular.ttf */; };
		48FE206EAF3C42699FE31C9A /* FontAwesome5_Solid.ttf in Resources */ = {isa = PBXBuildFile; fileRef = FA6D7223740F45CE96D786DA /* FontAwesome5_Solid.ttf */; };
		DA9737A23DC74881A8C28A5D /* Fontisto.ttf in Resources */ = {isa = PBXBuildFile; fileRef = 4FB7EC1228D14A139E793C5D /* Fontisto.ttf */; };
		B85B6C1C28D94EB082C8706B /* Foundation.ttf in Resources */ = {isa = PBXBuildFile; fileRef = 92C5CE22EF924DFABE0B5A50 /* Foundation.ttf */; };
		8471C6457A314CC8A57E56E1 /* Ionicons.ttf in Resources */ = {isa = PBXBuildFile; fileRef = 55EC9D3089264BDEBDEC16AA /* Ionicons.ttf */; };
		BB202ABA02AA4CF19B57EAAF /* MaterialCommunityIcons.ttf in Resources */ = {isa = PBXBuildFile; fileRef = 8D97E78E2CFC4BC180A0A3F7 /* MaterialCommunityIcons.ttf */; };
		7B4C8A51B6834E3D9FF5C79A /* MaterialIcons.ttf in Resources */ = {isa = PBXBuildFile; fileRef = 561397342B584F678144835D /* MaterialIcons.ttf */; };
		A09C8FA55316477BAB10B4B1 /* Octicons.ttf in Resources */ = {isa = PBXBuildFile; fileRef = BCF08F265DB04ABBBC24B1EB /* Octicons.ttf */; };
		E33F99298B434199A60D30F2 /* Roboto_medium.ttf in Resources */ = {isa = PBXBuildFile; fileRef = 4F6E1E9207194813AAE3CBBF /* Roboto_medium.ttf */; };
		7ED78CC3E3C74BC4A19A8D68 /* Roboto.ttf in Resources */ = {isa = PBXBuildFile; fileRef = 4836C9EEEFD5497585C4DF70 /* Roboto.ttf */; };
		37D5D0676470429498B368C6 /* rubicon-icon-font.ttf in Resources */ = {isa = PBXBuildFile; fileRef = 445D5F04AE8B42F0B495FAE9 /* rubicon-icon-font.ttf */; };
		5DCADA5403F747B5ADC3E8C9 /* SimpleLineIcons.ttf in Resources */ = {isa = PBXBuildFile; fileRef = D877367BABA0449FB95DDB0F /* SimpleLineIcons.ttf */; };
		4274FE59B78E4F13B65F90AD /* Zocial.ttf in Resources */ = {isa = PBXBuildFile; fileRef = 261F1721AE9648F9990347E4 /* Zocial.ttf */; };
		B6A86DED65ED4CA8B02F8FE4 /* AntDesign.ttf in Resources */ = {isa = PBXBuildFile; fileRef = 4145369984164CB2AF3653E7 /* AntDesign.ttf */; };
		3665ACAE7FC040AAB393D175 /* Entypo.ttf in Resources */ = {isa = PBXBuildFile; fileRef = 6D7D62417C244EFCB68B2841 /* Entypo.ttf */; };
		3F4A417C4B2B488EB8A5ADD3 /* EvilIcons.ttf in Resources */ = {isa = PBXBuildFile; fileRef = 728C220212D7473BBECD1C93 /* EvilIcons.ttf */; };
		FC2FB45DD1D94000B6BEA5A5 /* Feather.ttf in Resources */ = {isa = PBXBuildFile; fileRef = E2450FDAC4B243459592ECEC /* Feather.ttf */; };
		11328FE17289468283B5CB11 /* FontAwesome.ttf in Resources */ = {isa = PBXBuildFile; fileRef = 684B71BF1F3F41BC8ED0A719 /* FontAwesome.ttf */; };
		17C84EDFFE94489884D8C7A0 /* FontAwesome5_Brands.ttf in Resources */ = {isa = PBXBuildFile; fileRef = 20A71C10925E455880D7515D /* FontAwesome5_Brands.ttf */; };
		A3F3E8AEF95442B4AF045BF5 /* FontAwesome5_Regular.ttf in Resources */ = {isa = PBXBuildFile; fileRef = 4622AFC096E44497AC767E67 /* FontAwesome5_Regular.ttf */; };
		ABD59F4A2E774051BB39CDD7 /* FontAwesome5_Solid.ttf in Resources */ = {isa = PBXBuildFile; fileRef = 464C90BC66AE43BEB50A710A /* FontAwesome5_Solid.ttf */; };
		1CF0FCE7B975410886D1B575 /* Fontisto.ttf in Resources */ = {isa = PBXBuildFile; fileRef = 92427BA063B24C8D945F243D /* Fontisto.ttf */; };
		F1027EEE092643C8AD5B85CE /* Foundation.ttf in Resources */ = {isa = PBXBuildFile; fileRef = E909B81632714292899DE8EA /* Foundation.ttf */; };
		758BB45A0F424F5E9F7EE19E /* Ionicons.ttf in Resources */ = {isa = PBXBuildFile; fileRef = 233B7A26FEA547668FCFF6C3 /* Ionicons.ttf */; };
		B58F2A06742F413AB9B76926 /* MaterialCommunityIcons.ttf in Resources */ = {isa = PBXBuildFile; fileRef = 99BB9F027F66420A857F3BBF /* MaterialCommunityIcons.ttf */; };
		6513B9541BAD414DBDA93FA4 /* MaterialIcons.ttf in Resources */ = {isa = PBXBuildFile; fileRef = 8738380751DB4B2E8F6868A5 /* MaterialIcons.ttf */; };
		668C696FC1D446D4AAE60874 /* Octicons.ttf in Resources */ = {isa = PBXBuildFile; fileRef = E5209FAA009F4E559E8E227B /* Octicons.ttf */; };
		D7C4CDB315FB4939AA9FECA4 /* SimpleLineIcons.ttf in Resources */ = {isa = PBXBuildFile; fileRef = DD569C22E0E148FE9200E5E9 /* SimpleLineIcons.ttf */; };
		0F2F512425A7475EA390CF6E /* Zocial.ttf in Resources */ = {isa = PBXBuildFile; fileRef = F1CD689F72D94CE29AFDF278 /* Zocial.ttf */; };
		BB2688903E7B4B7CB4A15F0B /* brown.ttf in Resources */ = {isa = PBXBuildFile; fileRef = 6BE62B4A4DC0414F9E781CA8 /* brown.ttf */; };
		5D69123105BF46FD99AD9E5A /* AirbnbCerealBlack.ttf in Resources */ = {isa = PBXBuildFile; fileRef = FA2E9B64C214424FAD0CE2F3 /* AirbnbCerealBlack.ttf */; };
		FBECA8245D184CB8B8BC4A6D /* AirbnbCerealBold.ttf in Resources */ = {isa = PBXBuildFile; fileRef = 501DEE0F668E47809E3220EA /* AirbnbCerealBold.ttf */; };
		9E06EBB517DB49C4A4D000AD /* AirbnbCerealBook.ttf in Resources */ = {isa = PBXBuildFile; fileRef = CA380D2EE6B14927B45E5954 /* AirbnbCerealBook.ttf */; };
		231D1976252F44138BE0AB77 /* AirbnbCerealExtraBold.ttf in Resources */ = {isa = PBXBuildFile; fileRef = 00D736823FCB4C3F85D05585 /* AirbnbCerealExtraBold.ttf */; };
		3D8A4EC72C7F443DBBFC5E68 /* AirbnbCerealLight.ttf in Resources */ = {isa = PBXBuildFile; fileRef = BEB65D4121D24E788D62D121 /* AirbnbCerealLight.ttf */; };
		762A8B2AE2EB47A7A30ED48F /* AirbnbCerealMedium.ttf in Resources */ = {isa = PBXBuildFile; fileRef = 6E8940B4F4AA4B4680EC175F /* AirbnbCerealMedium.ttf */; };
		8FD121948EFA4C97A2DCA338 /* AirbnbCerealBlack.ttf in Resources */ = {isa = PBXBuildFile; fileRef = 443C72E36CB94C37A62C45E4 /* AirbnbCerealBlack.ttf */; };
		0DA20E728EB74366AEC89A3D /* AirbnbCerealBold.ttf in Resources */ = {isa = PBXBuildFile; fileRef = 4B481CA172124EF691FB50E4 /* AirbnbCerealBold.ttf */; };
		5A86E272197D4487B42966F2 /* AirbnbCerealBook.ttf in Resources */ = {isa = PBXBuildFile; fileRef = 312A383A558043AE9DAF6775 /* AirbnbCerealBook.ttf */; };
		F70F955C38854F86A2B0F98C /* AirbnbCerealExtraBold.ttf in Resources */ = {isa = PBXBuildFile; fileRef = A1ACFA214087479ABCECC79F /* AirbnbCerealExtraBold.ttf */; };
		113909F32B874DA08A6B95F4 /* AirbnbCerealLight.ttf in Resources */ = {isa = PBXBuildFile; fileRef = A1FC989A3E704C4FBE918020 /* AirbnbCerealLight.ttf */; };
		D0F87515B54340DE88F6C2D7 /* AirbnbCerealMedium.ttf in Resources */ = {isa = PBXBuildFile; fileRef = BF8660C157184496A336E0E2 /* AirbnbCerealMedium.ttf */; };
		74AFDEDF0FA7426488388FE1 /* brown.ttf in Resources */ = {isa = PBXBuildFile; fileRef = 3DC0E4313E9746E1A05DED69 /* brown.ttf */; };
/* End PBXBuildFile section */

/* Begin PBXContainerItemProxy section */
		00E356F41AD99517003FC87E /* PBXContainerItemProxy */ = {
			isa = PBXContainerItemProxy;
			containerPortal = 83CBB9F71A601CBA00E9B192 /* Project object */;
			proxyType = 1;
			remoteGlobalIDString = 13B07F861A680F5B00A75B9A;
			remoteInfo = HR2usMobileApp;
		};
		2D02E4911E0B4A5D006451C7 /* PBXContainerItemProxy */ = {
			isa = PBXContainerItemProxy;
			containerPortal = 83CBB9F71A601CBA00E9B192 /* Project object */;
			proxyType = 1;
			remoteGlobalIDString = 2D02E47A1E0B4A5D006451C7;
			remoteInfo = "HR2usMobileApp-tvOS";
		};
/* End PBXContainerItemProxy section */

/* Begin PBXFileReference section */
		008F07F21AC5B25A0029DE68 /* main.jsbundle */ = {isa = PBXFileReference; fileEncoding = 4; lastKnownFileType = text; path = main.jsbundle; sourceTree = "<group>"; };
		00E356EE1AD99517003FC87E /* HR2usMobileAppTests.xctest */ = {isa = PBXFileReference; explicitFileType = wrapper.cfbundle; includeInIndex = 0; path = HR2usMobileAppTests.xctest; sourceTree = BUILT_PRODUCTS_DIR; };
		00E356F11AD99517003FC87E /* Info.plist */ = {isa = PBXFileReference; lastKnownFileType = text.plist.xml; path = Info.plist; sourceTree = "<group>"; };
		00E356F21AD99517003FC87E /* HR2usMobileAppTests.m */ = {isa = PBXFileReference; lastKnownFileType = sourcecode.c.objc; path = HR2usMobileAppTests.m; sourceTree = "<group>"; };
		13B07F961A680F5B00A75B9A /* HR2usMobileApp.app */ = {isa = PBXFileReference; explicitFileType = wrapper.application; includeInIndex = 0; path = HR2usMobileApp.app; sourceTree = BUILT_PRODUCTS_DIR; };
		13B07FAF1A68108700A75B9A /* AppDelegate.h */ = {isa = PBXFileReference; fileEncoding = 4; lastKnownFileType = sourcecode.c.h; name = AppDelegate.h; path = HR2usMobileApp/AppDelegate.h; sourceTree = "<group>"; };
		13B07FB01A68108700A75B9A /* AppDelegate.m */ = {isa = PBXFileReference; fileEncoding = 4; lastKnownFileType = sourcecode.c.objc; name = AppDelegate.m; path = HR2usMobileApp/AppDelegate.m; sourceTree = "<group>"; };
		13B07FB21A68108700A75B9A /* Base */ = {isa = PBXFileReference; lastKnownFileType = file.xib; name = Base; path = Base.lproj/LaunchScreen.xib; sourceTree = "<group>"; };
		13B07FB51A68108700A75B9A /* Images.xcassets */ = {isa = PBXFileReference; lastKnownFileType = folder.assetcatalog; name = Images.xcassets; path = HR2usMobileApp/Images.xcassets; sourceTree = "<group>"; };
		13B07FB61A68108700A75B9A /* Info.plist */ = {isa = PBXFileReference; fileEncoding = 4; lastKnownFileType = text.plist.xml; name = Info.plist; path = HR2usMobileApp/Info.plist; sourceTree = "<group>"; };
		13B07FB71A68108700A75B9A /* main.m */ = {isa = PBXFileReference; fileEncoding = 4; lastKnownFileType = sourcecode.c.objc; name = main.m; path = HR2usMobileApp/main.m; sourceTree = "<group>"; };
		2D02E47B1E0B4A5D006451C7 /* HR2usMobileApp-tvOS.app */ = {isa = PBXFileReference; explicitFileType = wrapper.application; includeInIndex = 0; path = "HR2usMobileApp-tvOS.app"; sourceTree = BUILT_PRODUCTS_DIR; };
		2D02E4901E0B4A5D006451C7 /* HR2usMobileApp-tvOSTests.xctest */ = {isa = PBXFileReference; explicitFileType = wrapper.cfbundle; includeInIndex = 0; path = "HR2usMobileApp-tvOSTests.xctest"; sourceTree = BUILT_PRODUCTS_DIR; };
		ED297162215061F000B7C4FE /* JavaScriptCore.framework */ = {isa = PBXFileReference; lastKnownFileType = wrapper.framework; name = JavaScriptCore.framework; path = System/Library/Frameworks/JavaScriptCore.framework; sourceTree = SDKROOT; };
		ED2971642150620600B7C4FE /* JavaScriptCore.framework */ = {isa = PBXFileReference; lastKnownFileType = wrapper.framework; name = JavaScriptCore.framework; path = Platforms/AppleTVOS.platform/Developer/SDKs/AppleTVOS12.0.sdk/System/Library/Frameworks/JavaScriptCore.framework; sourceTree = DEVELOPER_DIR; };
		394AD8DBA6844FB0A0E3F961 /* AntDesign.ttf */ = {isa = PBXFileReference; name = "AntDesign.ttf"; path = "../node_modules/native-base/Fonts/AntDesign.ttf"; sourceTree = "<group>"; fileEncoding = undefined; lastKnownFileType = unknown; explicitFileType = undefined; includeInIndex = 0; };
		8C2348223A2A42E880AF9A0A /* Entypo.ttf */ = {isa = PBXFileReference; name = "Entypo.ttf"; path = "../node_modules/native-base/Fonts/Entypo.ttf"; sourceTree = "<group>"; fileEncoding = undefined; lastKnownFileType = unknown; explicitFileType = undefined; includeInIndex = 0; };
		B206E59815574AE19F55A67D /* EvilIcons.ttf */ = {isa = PBXFileReference; name = "EvilIcons.ttf"; path = "../node_modules/native-base/Fonts/EvilIcons.ttf"; sourceTree = "<group>"; fileEncoding = undefined; lastKnownFileType = unknown; explicitFileType = undefined; includeInIndex = 0; };
		A3EA7C476DEF495494E9AB0B /* Feather.ttf */ = {isa = PBXFileReference; name = "Feather.ttf"; path = "../node_modules/native-base/Fonts/Feather.ttf"; sourceTree = "<group>"; fileEncoding = undefined; lastKnownFileType = unknown; explicitFileType = undefined; includeInIndex = 0; };
		537710CA190D4063986DF4A4 /* FontAwesome.ttf */ = {isa = PBXFileReference; name = "FontAwesome.ttf"; path = "../node_modules/native-base/Fonts/FontAwesome.ttf"; sourceTree = "<group>"; fileEncoding = undefined; lastKnownFileType = unknown; explicitFileType = undefined; includeInIndex = 0; };
		C65B094274634AAC8CD900C5 /* FontAwesome5_Brands.ttf */ = {isa = PBXFileReference; name = "FontAwesome5_Brands.ttf"; path = "../node_modules/native-base/Fonts/FontAwesome5_Brands.ttf"; sourceTree = "<group>"; fileEncoding = undefined; lastKnownFileType = unknown; explicitFileType = undefined; includeInIndex = 0; };
		8240B2DA146F4E70A9A00015 /* FontAwesome5_Regular.ttf */ = {isa = PBXFileReference; name = "FontAwesome5_Regular.ttf"; path = "../node_modules/native-base/Fonts/FontAwesome5_Regular.ttf"; sourceTree = "<group>"; fileEncoding = undefined; lastKnownFileType = unknown; explicitFileType = undefined; includeInIndex = 0; };
		FA6D7223740F45CE96D786DA /* FontAwesome5_Solid.ttf */ = {isa = PBXFileReference; name = "FontAwesome5_Solid.ttf"; path = "../node_modules/native-base/Fonts/FontAwesome5_Solid.ttf"; sourceTree = "<group>"; fileEncoding = undefined; lastKnownFileType = unknown; explicitFileType = undefined; includeInIndex = 0; };
		4FB7EC1228D14A139E793C5D /* Fontisto.ttf */ = {isa = PBXFileReference; name = "Fontisto.ttf"; path = "../node_modules/native-base/Fonts/Fontisto.ttf"; sourceTree = "<group>"; fileEncoding = undefined; lastKnownFileType = unknown; explicitFileType = undefined; includeInIndex = 0; };
		92C5CE22EF924DFABE0B5A50 /* Foundation.ttf */ = {isa = PBXFileReference; name = "Foundation.ttf"; path = "../node_modules/native-base/Fonts/Foundation.ttf"; sourceTree = "<group>"; fileEncoding = undefined; lastKnownFileType = unknown; explicitFileType = undefined; includeInIndex = 0; };
		55EC9D3089264BDEBDEC16AA /* Ionicons.ttf */ = {isa = PBXFileReference; name = "Ionicons.ttf"; path = "../node_modules/native-base/Fonts/Ionicons.ttf"; sourceTree = "<group>"; fileEncoding = undefined; lastKnownFileType = unknown; explicitFileType = undefined; includeInIndex = 0; };
		8D97E78E2CFC4BC180A0A3F7 /* MaterialCommunityIcons.ttf */ = {isa = PBXFileReference; name = "MaterialCommunityIcons.ttf"; path = "../node_modules/native-base/Fonts/MaterialCommunityIcons.ttf"; sourceTree = "<group>"; fileEncoding = undefined; lastKnownFileType = unknown; explicitFileType = undefined; includeInIndex = 0; };
		561397342B584F678144835D /* MaterialIcons.ttf */ = {isa = PBXFileReference; name = "MaterialIcons.ttf"; path = "../node_modules/native-base/Fonts/MaterialIcons.ttf"; sourceTree = "<group>"; fileEncoding = undefined; lastKnownFileType = unknown; explicitFileType = undefined; includeInIndex = 0; };
		BCF08F265DB04ABBBC24B1EB /* Octicons.ttf */ = {isa = PBXFileReference; name = "Octicons.ttf"; path = "../node_modules/native-base/Fonts/Octicons.ttf"; sourceTree = "<group>"; fileEncoding = undefined; lastKnownFileType = unknown; explicitFileType = undefined; includeInIndex = 0; };
		4F6E1E9207194813AAE3CBBF /* Roboto_medium.ttf */ = {isa = PBXFileReference; name = "Roboto_medium.ttf"; path = "../node_modules/native-base/Fonts/Roboto_medium.ttf"; sourceTree = "<group>"; fileEncoding = undefined; lastKnownFileType = unknown; explicitFileType = undefined; includeInIndex = 0; };
		4836C9EEEFD5497585C4DF70 /* Roboto.ttf */ = {isa = PBXFileReference; name = "Roboto.ttf"; path = "../node_modules/native-base/Fonts/Roboto.ttf"; sourceTree = "<group>"; fileEncoding = undefined; lastKnownFileType = unknown; explicitFileType = undefined; includeInIndex = 0; };
		445D5F04AE8B42F0B495FAE9 /* rubicon-icon-font.ttf */ = {isa = PBXFileReference; name = "rubicon-icon-font.ttf"; path = "../node_modules/native-base/Fonts/rubicon-icon-font.ttf"; sourceTree = "<group>"; fileEncoding = undefined; lastKnownFileType = unknown; explicitFileType = undefined; includeInIndex = 0; };
		D877367BABA0449FB95DDB0F /* SimpleLineIcons.ttf */ = {isa = PBXFileReference; name = "SimpleLineIcons.ttf"; path = "../node_modules/native-base/Fonts/SimpleLineIcons.ttf"; sourceTree = "<group>"; fileEncoding = undefined; lastKnownFileType = unknown; explicitFileType = undefined; includeInIndex = 0; };
		261F1721AE9648F9990347E4 /* Zocial.ttf */ = {isa = PBXFileReference; name = "Zocial.ttf"; path = "../node_modules/native-base/Fonts/Zocial.ttf"; sourceTree = "<group>"; fileEncoding = undefined; lastKnownFileType = unknown; explicitFileType = undefined; includeInIndex = 0; };
		4145369984164CB2AF3653E7 /* AntDesign.ttf */ = {isa = PBXFileReference; name = "AntDesign.ttf"; path = "../node_modules/react-native-vector-icons/Fonts/AntDesign.ttf"; sourceTree = "<group>"; fileEncoding = undefined; lastKnownFileType = unknown; explicitFileType = undefined; includeInIndex = 0; };
		6D7D62417C244EFCB68B2841 /* Entypo.ttf */ = {isa = PBXFileReference; name = "Entypo.ttf"; path = "../node_modules/react-native-vector-icons/Fonts/Entypo.ttf"; sourceTree = "<group>"; fileEncoding = undefined; lastKnownFileType = unknown; explicitFileType = undefined; includeInIndex = 0; };
		728C220212D7473BBECD1C93 /* EvilIcons.ttf */ = {isa = PBXFileReference; name = "EvilIcons.ttf"; path = "../node_modules/react-native-vector-icons/Fonts/EvilIcons.ttf"; sourceTree = "<group>"; fileEncoding = undefined; lastKnownFileType = unknown; explicitFileType = undefined; includeInIndex = 0; };
		E2450FDAC4B243459592ECEC /* Feather.ttf */ = {isa = PBXFileReference; name = "Feather.ttf"; path = "../node_modules/react-native-vector-icons/Fonts/Feather.ttf"; sourceTree = "<group>"; fileEncoding = undefined; lastKnownFileType = unknown; explicitFileType = undefined; includeInIndex = 0; };
		684B71BF1F3F41BC8ED0A719 /* FontAwesome.ttf */ = {isa = PBXFileReference; name = "FontAwesome.ttf"; path = "../node_modules/react-native-vector-icons/Fonts/FontAwesome.ttf"; sourceTree = "<group>"; fileEncoding = undefined; lastKnownFileType = unknown; explicitFileType = undefined; includeInIndex = 0; };
		20A71C10925E455880D7515D /* FontAwesome5_Brands.ttf */ = {isa = PBXFileReference; name = "FontAwesome5_Brands.ttf"; path = "../node_modules/react-native-vector-icons/Fonts/FontAwesome5_Brands.ttf"; sourceTree = "<group>"; fileEncoding = undefined; lastKnownFileType = unknown; explicitFileType = undefined; includeInIndex = 0; };
		4622AFC096E44497AC767E67 /* FontAwesome5_Regular.ttf */ = {isa = PBXFileReference; name = "FontAwesome5_Regular.ttf"; path = "../node_modules/react-native-vector-icons/Fonts/FontAwesome5_Regular.ttf"; sourceTree = "<group>"; fileEncoding = undefined; lastKnownFileType = unknown; explicitFileType = undefined; includeInIndex = 0; };
		464C90BC66AE43BEB50A710A /* FontAwesome5_Solid.ttf */ = {isa = PBXFileReference; name = "FontAwesome5_Solid.ttf"; path = "../node_modules/react-native-vector-icons/Fonts/FontAwesome5_Solid.ttf"; sourceTree = "<group>"; fileEncoding = undefined; lastKnownFileType = unknown; explicitFileType = undefined; includeInIndex = 0; };
		92427BA063B24C8D945F243D /* Fontisto.ttf */ = {isa = PBXFileReference; name = "Fontisto.ttf"; path = "../node_modules/react-native-vector-icons/Fonts/Fontisto.ttf"; sourceTree = "<group>"; fileEncoding = undefined; lastKnownFileType = unknown; explicitFileType = undefined; includeInIndex = 0; };
		E909B81632714292899DE8EA /* Foundation.ttf */ = {isa = PBXFileReference; name = "Foundation.ttf"; path = "../node_modules/react-native-vector-icons/Fonts/Foundation.ttf"; sourceTree = "<group>"; fileEncoding = undefined; lastKnownFileType = unknown; explicitFileType = undefined; includeInIndex = 0; };
		233B7A26FEA547668FCFF6C3 /* Ionicons.ttf */ = {isa = PBXFileReference; name = "Ionicons.ttf"; path = "../node_modules/react-native-vector-icons/Fonts/Ionicons.ttf"; sourceTree = "<group>"; fileEncoding = undefined; lastKnownFileType = unknown; explicitFileType = undefined; includeInIndex = 0; };
		99BB9F027F66420A857F3BBF /* MaterialCommunityIcons.ttf */ = {isa = PBXFileReference; name = "MaterialCommunityIcons.ttf"; path = "../node_modules/react-native-vector-icons/Fonts/MaterialCommunityIcons.ttf"; sourceTree = "<group>"; fileEncoding = undefined; lastKnownFileType = unknown; explicitFileType = undefined; includeInIndex = 0; };
		8738380751DB4B2E8F6868A5 /* MaterialIcons.ttf */ = {isa = PBXFileReference; name = "MaterialIcons.ttf"; path = "../node_modules/react-native-vector-icons/Fonts/MaterialIcons.ttf"; sourceTree = "<group>"; fileEncoding = undefined; lastKnownFileType = unknown; explicitFileType = undefined; includeInIndex = 0; };
		E5209FAA009F4E559E8E227B /* Octicons.ttf */ = {isa = PBXFileReference; name = "Octicons.ttf"; path = "../node_modules/react-native-vector-icons/Fonts/Octicons.ttf"; sourceTree = "<group>"; fileEncoding = undefined; lastKnownFileType = unknown; explicitFileType = undefined; includeInIndex = 0; };
		DD569C22E0E148FE9200E5E9 /* SimpleLineIcons.ttf */ = {isa = PBXFileReference; name = "SimpleLineIcons.ttf"; path = "../node_modules/react-native-vector-icons/Fonts/SimpleLineIcons.ttf"; sourceTree = "<group>"; fileEncoding = undefined; lastKnownFileType = unknown; explicitFileType = undefined; includeInIndex = 0; };
		F1CD689F72D94CE29AFDF278 /* Zocial.ttf */ = {isa = PBXFileReference; name = "Zocial.ttf"; path = "../node_modules/react-native-vector-icons/Fonts/Zocial.ttf"; sourceTree = "<group>"; fileEncoding = undefined; lastKnownFileType = unknown; explicitFileType = undefined; includeInIndex = 0; };
		6BE62B4A4DC0414F9E781CA8 /* brown.ttf */ = {isa = PBXFileReference; name = "brown.ttf"; path = "../Assets/font/brown.ttf"; sourceTree = "<group>"; fileEncoding = undefined; lastKnownFileType = unknown; explicitFileType = undefined; includeInIndex = 0; };
		FA2E9B64C214424FAD0CE2F3 /* AirbnbCerealBlack.ttf */ = {isa = PBXFileReference; name = "AirbnbCerealBlack.ttf"; path = "../Assets/font/AirbnbCerealBlack.ttf"; sourceTree = "<group>"; fileEncoding = undefined; lastKnownFileType = unknown; explicitFileType = undefined; includeInIndex = 0; };
		501DEE0F668E47809E3220EA /* AirbnbCerealBold.ttf */ = {isa = PBXFileReference; name = "AirbnbCerealBold.ttf"; path = "../Assets/font/AirbnbCerealBold.ttf"; sourceTree = "<group>"; fileEncoding = undefined; lastKnownFileType = unknown; explicitFileType = undefined; includeInIndex = 0; };
		CA380D2EE6B14927B45E5954 /* AirbnbCerealBook.ttf */ = {isa = PBXFileReference; name = "AirbnbCerealBook.ttf"; path = "../Assets/font/AirbnbCerealBook.ttf"; sourceTree = "<group>"; fileEncoding = undefined; lastKnownFileType = unknown; explicitFileType = undefined; includeInIndex = 0; };
		00D736823FCB4C3F85D05585 /* AirbnbCerealExtraBold.ttf */ = {isa = PBXFileReference; name = "AirbnbCerealExtraBold.ttf"; path = "../Assets/font/AirbnbCerealExtraBold.ttf"; sourceTree = "<group>"; fileEncoding = undefined; lastKnownFileType = unknown; explicitFileType = undefined; includeInIndex = 0; };
		BEB65D4121D24E788D62D121 /* AirbnbCerealLight.ttf */ = {isa = PBXFileReference; name = "AirbnbCerealLight.ttf"; path = "../Assets/font/AirbnbCerealLight.ttf"; sourceTree = "<group>"; fileEncoding = undefined; lastKnownFileType = unknown; explicitFileType = undefined; includeInIndex = 0; };
		6E8940B4F4AA4B4680EC175F /* AirbnbCerealMedium.ttf */ = {isa = PBXFileReference; name = "AirbnbCerealMedium.ttf"; path = "../Assets/font/AirbnbCerealMedium.ttf"; sourceTree = "<group>"; fileEncoding = undefined; lastKnownFileType = unknown; explicitFileType = undefined; includeInIndex = 0; };
		443C72E36CB94C37A62C45E4 /* AirbnbCerealBlack.ttf */ = {isa = PBXFileReference; name = "AirbnbCerealBlack.ttf"; path = "../assets/font/AirbnbCerealBlack.ttf"; sourceTree = "<group>"; fileEncoding = undefined; lastKnownFileType = unknown; explicitFileType = undefined; includeInIndex = 0; };
		4B481CA172124EF691FB50E4 /* AirbnbCerealBold.ttf */ = {isa = PBXFileReference; name = "AirbnbCerealBold.ttf"; path = "../assets/font/AirbnbCerealBold.ttf"; sourceTree = "<group>"; fileEncoding = undefined; lastKnownFileType = unknown; explicitFileType = undefined; includeInIndex = 0; };
		312A383A558043AE9DAF6775 /* AirbnbCerealBook.ttf */ = {isa = PBXFileReference; name = "AirbnbCerealBook.ttf"; path = "../assets/font/AirbnbCerealBook.ttf"; sourceTree = "<group>"; fileEncoding = undefined; lastKnownFileType = unknown; explicitFileType = undefined; includeInIndex = 0; };
		A1ACFA214087479ABCECC79F /* AirbnbCerealExtraBold.ttf */ = {isa = PBXFileReference; name = "AirbnbCerealExtraBold.ttf"; path = "../assets/font/AirbnbCerealExtraBold.ttf"; sourceTree = "<group>"; fileEncoding = undefined; lastKnownFileType = unknown; explicitFileType = undefined; includeInIndex = 0; };
		A1FC989A3E704C4FBE918020 /* AirbnbCerealLight.ttf */ = {isa = PBXFileReference; name = "AirbnbCerealLight.ttf"; path = "../assets/font/AirbnbCerealLight.ttf"; sourceTree = "<group>"; fileEncoding = undefined; lastKnownFileType = unknown; explicitFileType = undefined; includeInIndex = 0; };
		BF8660C157184496A336E0E2 /* AirbnbCerealMedium.ttf */ = {isa = PBXFileReference; name = "AirbnbCerealMedium.ttf"; path = "../assets/font/AirbnbCerealMedium.ttf"; sourceTree = "<group>"; fileEncoding = undefined; lastKnownFileType = unknown; explicitFileType = undefined; includeInIndex = 0; };
		3DC0E4313E9746E1A05DED69 /* brown.ttf */ = {isa = PBXFileReference; name = "brown.ttf"; path = "../assets/font/brown.ttf"; sourceTree = "<group>"; fileEncoding = undefined; lastKnownFileType = unknown; explicitFileType = undefined; includeInIndex = 0; };
/* End PBXFileReference section */

/* Begin PBXFrameworksBuildPhase section */
		00E356EB1AD99517003FC87E /* Frameworks */ = {
			isa = PBXFrameworksBuildPhase;
			buildActionMask = 2147483647;
			files = (
			);
			runOnlyForDeploymentPostprocessing = 0;
		};
		13B07F8C1A680F5B00A75B9A /* Frameworks */ = {
			isa = PBXFrameworksBuildPhase;
			buildActionMask = 2147483647;
			files = (
			);
			runOnlyForDeploymentPostprocessing = 0;
		};
		2D02E4781E0B4A5D006451C7 /* Frameworks */ = {
			isa = PBXFrameworksBuildPhase;
			buildActionMask = 2147483647;
			files = (
			);
			runOnlyForDeploymentPostprocessing = 0;
		};
		2D02E48D1E0B4A5D006451C7 /* Frameworks */ = {
			isa = PBXFrameworksBuildPhase;
			buildActionMask = 2147483647;
			files = (
			);
			runOnlyForDeploymentPostprocessing = 0;
		};
/* End PBXFrameworksBuildPhase section */

/* Begin PBXGroup section */
		00E356EF1AD99517003FC87E /* HR2usMobileAppTests */ = {
			isa = PBXGroup;
			children = (
				00E356F21AD99517003FC87E /* HR2usMobileAppTests.m */,
				00E356F01AD99517003FC87E /* Supporting Files */,
			);
			path = HR2usMobileAppTests;
			sourceTree = "<group>";
		};
		00E356F01AD99517003FC87E /* Supporting Files */ = {
			isa = PBXGroup;
			children = (
				00E356F11AD99517003FC87E /* Info.plist */,
			);
			name = "Supporting Files";
			sourceTree = "<group>";
		};
		13B07FAE1A68108700A75B9A /* HR2usMobileApp */ = {
			isa = PBXGroup;
			children = (
				008F07F21AC5B25A0029DE68 /* main.jsbundle */,
				13B07FAF1A68108700A75B9A /* AppDelegate.h */,
				13B07FB01A68108700A75B9A /* AppDelegate.m */,
				13B07FB51A68108700A75B9A /* Images.xcassets */,
				13B07FB61A68108700A75B9A /* Info.plist */,
				13B07FB11A68108700A75B9A /* LaunchScreen.xib */,
				13B07FB71A68108700A75B9A /* main.m */,
			);
			name = HR2usMobileApp;
			sourceTree = "<group>";
		};
		2D16E6871FA4F8E400B85C8A /* Frameworks */ = {
			isa = PBXGroup;
			children = (
				ED297162215061F000B7C4FE /* JavaScriptCore.framework */,
				ED2971642150620600B7C4FE /* JavaScriptCore.framework */,
			);
			name = Frameworks;
			sourceTree = "<group>";
		};
		832341AE1AAA6A7D00B99B32 /* Libraries */ = {
			isa = PBXGroup;
			children = (
			);
			name = Libraries;
			sourceTree = "<group>";
		};
		83CBB9F61A601CBA00E9B192 = {
			isa = PBXGroup;
			children = (
				13B07FAE1A68108700A75B9A /* HR2usMobileApp */,
				832341AE1AAA6A7D00B99B32 /* Libraries */,
				00E356EF1AD99517003FC87E /* HR2usMobileAppTests */,
				83CBBA001A601CBA00E9B192 /* Products */,
				2D16E6871FA4F8E400B85C8A /* Frameworks */,
				FFAF5DCB2CBD46FD81E147D0 /* Resources */,
			);
			indentWidth = 2;
			sourceTree = "<group>";
			tabWidth = 2;
			usesTabs = 0;
		};
		83CBBA001A601CBA00E9B192 /* Products */ = {
			isa = PBXGroup;
			children = (
				13B07F961A680F5B00A75B9A /* HR2usMobileApp.app */,
				00E356EE1AD99517003FC87E /* HR2usMobileAppTests.xctest */,
				2D02E47B1E0B4A5D006451C7 /* HR2usMobileApp-tvOS.app */,
				2D02E4901E0B4A5D006451C7 /* HR2usMobileApp-tvOSTests.xctest */,
			);
			name = Products;
			sourceTree = "<group>";
		};
		FFAF5DCB2CBD46FD81E147D0 /* Resources */ = {
			isa = "PBXGroup";
			children = (
				394AD8DBA6844FB0A0E3F961 /* AntDesign.ttf */,
				8C2348223A2A42E880AF9A0A /* Entypo.ttf */,
				B206E59815574AE19F55A67D /* EvilIcons.ttf */,
				A3EA7C476DEF495494E9AB0B /* Feather.ttf */,
				537710CA190D4063986DF4A4 /* FontAwesome.ttf */,
				C65B094274634AAC8CD900C5 /* FontAwesome5_Brands.ttf */,
				8240B2DA146F4E70A9A00015 /* FontAwesome5_Regular.ttf */,
				FA6D7223740F45CE96D786DA /* FontAwesome5_Solid.ttf */,
				4FB7EC1228D14A139E793C5D /* Fontisto.ttf */,
				92C5CE22EF924DFABE0B5A50 /* Foundation.ttf */,
				55EC9D3089264BDEBDEC16AA /* Ionicons.ttf */,
				8D97E78E2CFC4BC180A0A3F7 /* MaterialCommunityIcons.ttf */,
				561397342B584F678144835D /* MaterialIcons.ttf */,
				BCF08F265DB04ABBBC24B1EB /* Octicons.ttf */,
				4F6E1E9207194813AAE3CBBF /* Roboto_medium.ttf */,
				4836C9EEEFD5497585C4DF70 /* Roboto.ttf */,
				445D5F04AE8B42F0B495FAE9 /* rubicon-icon-font.ttf */,
				D877367BABA0449FB95DDB0F /* SimpleLineIcons.ttf */,
				261F1721AE9648F9990347E4 /* Zocial.ttf */,
				4145369984164CB2AF3653E7 /* AntDesign.ttf */,
				6D7D62417C244EFCB68B2841 /* Entypo.ttf */,
				728C220212D7473BBECD1C93 /* EvilIcons.ttf */,
				E2450FDAC4B243459592ECEC /* Feather.ttf */,
				684B71BF1F3F41BC8ED0A719 /* FontAwesome.ttf */,
				20A71C10925E455880D7515D /* FontAwesome5_Brands.ttf */,
				4622AFC096E44497AC767E67 /* FontAwesome5_Regular.ttf */,
				464C90BC66AE43BEB50A710A /* FontAwesome5_Solid.ttf */,
				92427BA063B24C8D945F243D /* Fontisto.ttf */,
				E909B81632714292899DE8EA /* Foundation.ttf */,
				233B7A26FEA547668FCFF6C3 /* Ionicons.ttf */,
				99BB9F027F66420A857F3BBF /* MaterialCommunityIcons.ttf */,
				8738380751DB4B2E8F6868A5 /* MaterialIcons.ttf */,
				E5209FAA009F4E559E8E227B /* Octicons.ttf */,
				DD569C22E0E148FE9200E5E9 /* SimpleLineIcons.ttf */,
				F1CD689F72D94CE29AFDF278 /* Zocial.ttf */,
				6BE62B4A4DC0414F9E781CA8 /* brown.ttf */,
				FA2E9B64C214424FAD0CE2F3 /* AirbnbCerealBlack.ttf */,
				501DEE0F668E47809E3220EA /* AirbnbCerealBold.ttf */,
				CA380D2EE6B14927B45E5954 /* AirbnbCerealBook.ttf */,
				00D736823FCB4C3F85D05585 /* AirbnbCerealExtraBold.ttf */,
				BEB65D4121D24E788D62D121 /* AirbnbCerealLight.ttf */,
				6E8940B4F4AA4B4680EC175F /* AirbnbCerealMedium.ttf */,
				443C72E36CB94C37A62C45E4 /* AirbnbCerealBlack.ttf */,
				4B481CA172124EF691FB50E4 /* AirbnbCerealBold.ttf */,
				312A383A558043AE9DAF6775 /* AirbnbCerealBook.ttf */,
				A1ACFA214087479ABCECC79F /* AirbnbCerealExtraBold.ttf */,
				A1FC989A3E704C4FBE918020 /* AirbnbCerealLight.ttf */,
				BF8660C157184496A336E0E2 /* AirbnbCerealMedium.ttf */,
				3DC0E4313E9746E1A05DED69 /* brown.ttf */,
			);
			name = Resources;
			sourceTree = "<group>";
			path = "";
		};
/* End PBXGroup section */

/* Begin PBXNativeTarget section */
		00E356ED1AD99517003FC87E /* HR2usMobileAppTests */ = {
			isa = PBXNativeTarget;
			buildConfigurationList = 00E357021AD99517003FC87E /* Build configuration list for PBXNativeTarget "HR2usMobileAppTests" */;
			buildPhases = (
				00E356EA1AD99517003FC87E /* Sources */,
				00E356EB1AD99517003FC87E /* Frameworks */,
				00E356EC1AD99517003FC87E /* Resources */,
			);
			buildRules = (
			);
			dependencies = (
				00E356F51AD99517003FC87E /* PBXTargetDependency */,
			);
			name = HR2usMobileAppTests;
			productName = HR2usMobileAppTests;
			productReference = 00E356EE1AD99517003FC87E /* HR2usMobileAppTests.xctest */;
			productType = "com.apple.product-type.bundle.unit-test";
		};
		13B07F861A680F5B00A75B9A /* HR2usMobileApp */ = {
			isa = PBXNativeTarget;
			buildConfigurationList = 13B07F931A680F5B00A75B9A /* Build configuration list for PBXNativeTarget "HR2usMobileApp" */;
			buildPhases = (
				FD10A7F022414F080027D42C /* Start Packager */,
				13B07F871A680F5B00A75B9A /* Sources */,
				13B07F8C1A680F5B00A75B9A /* Frameworks */,
				13B07F8E1A680F5B00A75B9A /* Resources */,
				00DD1BFF1BD5951E006B06BC /* Bundle React Native code and images */,
			);
			buildRules = (
			);
			dependencies = (
			);
			name = HR2usMobileApp;
			productName = "HR2usMobileApp";
			productReference = 13B07F961A680F5B00A75B9A /* HR2usMobileApp.app */;
			productType = "com.apple.product-type.application";
		};
		2D02E47A1E0B4A5D006451C7 /* HR2usMobileApp-tvOS */ = {
			isa = PBXNativeTarget;
			buildConfigurationList = 2D02E4BA1E0B4A5E006451C7 /* Build configuration list for PBXNativeTarget "HR2usMobileApp-tvOS" */;
			buildPhases = (
				FD10A7F122414F3F0027D42C /* Start Packager */,
				2D02E4771E0B4A5D006451C7 /* Sources */,
				2D02E4781E0B4A5D006451C7 /* Frameworks */,
				2D02E4791E0B4A5D006451C7 /* Resources */,
				2D02E4CB1E0B4B27006451C7 /* Bundle React Native Code And Images */,
			);
			buildRules = (
			);
			dependencies = (
			);
			name = "HR2usMobileApp-tvOS";
			productName = "HR2usMobileApp-tvOS";
			productReference = 2D02E47B1E0B4A5D006451C7 /* HR2usMobileApp-tvOS.app */;
			productType = "com.apple.product-type.application";
		};
		2D02E48F1E0B4A5D006451C7 /* HR2usMobileApp-tvOSTests */ = {
			isa = PBXNativeTarget;
			buildConfigurationList = 2D02E4BB1E0B4A5E006451C7 /* Build configuration list for PBXNativeTarget "HR2usMobileApp-tvOSTests" */;
			buildPhases = (
				2D02E48C1E0B4A5D006451C7 /* Sources */,
				2D02E48D1E0B4A5D006451C7 /* Frameworks */,
				2D02E48E1E0B4A5D006451C7 /* Resources */,
			);
			buildRules = (
			);
			dependencies = (
				2D02E4921E0B4A5D006451C7 /* PBXTargetDependency */,
			);
			name = "HR2usMobileApp-tvOSTests";
			productName = "HR2usMobileApp-tvOSTests";
			productReference = 2D02E4901E0B4A5D006451C7 /* HR2usMobileApp-tvOSTests.xctest */;
			productType = "com.apple.product-type.bundle.unit-test";
		};
/* End PBXNativeTarget section */

/* Begin PBXProject section */
		83CBB9F71A601CBA00E9B192 /* Project object */ = {
			isa = PBXProject;
			attributes = {
				LastUpgradeCheck = 940;
				ORGANIZATIONNAME = Facebook;
				TargetAttributes = {
					00E356ED1AD99517003FC87E = {
						CreatedOnToolsVersion = 6.2;
						TestTargetID = 13B07F861A680F5B00A75B9A;
					};
					2D02E47A1E0B4A5D006451C7 = {
						CreatedOnToolsVersion = 8.2.1;
						ProvisioningStyle = Automatic;
					};
					2D02E48F1E0B4A5D006451C7 = {
						CreatedOnToolsVersion = 8.2.1;
						ProvisioningStyle = Automatic;
						TestTargetID = 2D02E47A1E0B4A5D006451C7;
					};
				};
			};
			buildConfigurationList = 83CBB9FA1A601CBA00E9B192 /* Build configuration list for PBXProject "HR2usMobileApp" */;
			compatibilityVersion = "Xcode 3.2";
			developmentRegion = English;
			hasScannedForEncodings = 0;
			knownRegions = (
				en,
				Base,
			);
			mainGroup = 83CBB9F61A601CBA00E9B192;
			productRefGroup = 83CBBA001A601CBA00E9B192 /* Products */;
			projectDirPath = "";
			projectRoot = "";
			targets = (
				13B07F861A680F5B00A75B9A /* HR2usMobileApp */,
				00E356ED1AD99517003FC87E /* HR2usMobileAppTests */,
				2D02E47A1E0B4A5D006451C7 /* HR2usMobileApp-tvOS */,
				2D02E48F1E0B4A5D006451C7 /* HR2usMobileApp-tvOSTests */,
			);
		};
/* End PBXProject section */

/* Begin PBXResourcesBuildPhase section */
		00E356EC1AD99517003FC87E /* Resources */ = {
			isa = PBXResourcesBuildPhase;
			buildActionMask = 2147483647;
			files = (
			);
			runOnlyForDeploymentPostprocessing = 0;
		};
		13B07F8E1A680F5B00A75B9A /* Resources */ = {
			isa = PBXResourcesBuildPhase;
			buildActionMask = 2147483647;
			files = (
				13B07FBF1A68108700A75B9A /* Images.xcassets in Resources */,
				13B07FBD1A68108700A75B9A /* LaunchScreen.xib in Resources */,
				A5D3B767A07240DEBDC6BF95 /* AntDesign.ttf in Resources */,
				F214B86E0A964A6A895B73AF /* Entypo.ttf in Resources */,
				CDDD306A5BDD4F82B4FCCA82 /* EvilIcons.ttf in Resources */,
				0B3A8EA0AE5A491A9D6615FC /* Feather.ttf in Resources */,
				819A921ED07046508A405A58 /* FontAwesome.ttf in Resources */,
				9EA9C0BF891D4B63B23583C9 /* FontAwesome5_Brands.ttf in Resources */,
				8293AD4EA66944818D46C4A0 /* FontAwesome5_Regular.ttf in Resources */,
				48FE206EAF3C42699FE31C9A /* FontAwesome5_Solid.ttf in Resources */,
				DA9737A23DC74881A8C28A5D /* Fontisto.ttf in Resources */,
				B85B6C1C28D94EB082C8706B /* Foundation.ttf in Resources */,
				8471C6457A314CC8A57E56E1 /* Ionicons.ttf in Resources */,
				BB202ABA02AA4CF19B57EAAF /* MaterialCommunityIcons.ttf in Resources */,
				7B4C8A51B6834E3D9FF5C79A /* MaterialIcons.ttf in Resources */,
				A09C8FA55316477BAB10B4B1 /* Octicons.ttf in Resources */,
				E33F99298B434199A60D30F2 /* Roboto_medium.ttf in Resources */,
				7ED78CC3E3C74BC4A19A8D68 /* Roboto.ttf in Resources */,
				37D5D0676470429498B368C6 /* rubicon-icon-font.ttf in Resources */,
				5DCADA5403F747B5ADC3E8C9 /* SimpleLineIcons.ttf in Resources */,
				4274FE59B78E4F13B65F90AD /* Zocial.ttf in Resources */,
				B6A86DED65ED4CA8B02F8FE4 /* AntDesign.ttf in Resources */,
				3665ACAE7FC040AAB393D175 /* Entypo.ttf in Resources */,
				3F4A417C4B2B488EB8A5ADD3 /* EvilIcons.ttf in Resources */,
				FC2FB45DD1D94000B6BEA5A5 /* Feather.ttf in Resources */,
				11328FE17289468283B5CB11 /* FontAwesome.ttf in Resources */,
				17C84EDFFE94489884D8C7A0 /* FontAwesome5_Brands.ttf in Resources */,
				A3F3E8AEF95442B4AF045BF5 /* FontAwesome5_Regular.ttf in Resources */,
				ABD59F4A2E774051BB39CDD7 /* FontAwesome5_Solid.ttf in Resources */,
				1CF0FCE7B975410886D1B575 /* Fontisto.ttf in Resources */,
				F1027EEE092643C8AD5B85CE /* Foundation.ttf in Resources */,
				758BB45A0F424F5E9F7EE19E /* Ionicons.ttf in Resources */,
				B58F2A06742F413AB9B76926 /* MaterialCommunityIcons.ttf in Resources */,
				6513B9541BAD414DBDA93FA4 /* MaterialIcons.ttf in Resources */,
				668C696FC1D446D4AAE60874 /* Octicons.ttf in Resources */,
				D7C4CDB315FB4939AA9FECA4 /* SimpleLineIcons.ttf in Resources */,
				0F2F512425A7475EA390CF6E /* Zocial.ttf in Resources */,
				BB2688903E7B4B7CB4A15F0B /* brown.ttf in Resources */,
				5D69123105BF46FD99AD9E5A /* AirbnbCerealBlack.ttf in Resources */,
				FBECA8245D184CB8B8BC4A6D /* AirbnbCerealBold.ttf in Resources */,
				9E06EBB517DB49C4A4D000AD /* AirbnbCerealBook.ttf in Resources */,
				231D1976252F44138BE0AB77 /* AirbnbCerealExtraBold.ttf in Resources */,
				3D8A4EC72C7F443DBBFC5E68 /* AirbnbCerealLight.ttf in Resources */,
				762A8B2AE2EB47A7A30ED48F /* AirbnbCerealMedium.ttf in Resources */,
				8FD121948EFA4C97A2DCA338 /* AirbnbCerealBlack.ttf in Resources */,
				0DA20E728EB74366AEC89A3D /* AirbnbCerealBold.ttf in Resources */,
				5A86E272197D4487B42966F2 /* AirbnbCerealBook.ttf in Resources */,
				F70F955C38854F86A2B0F98C /* AirbnbCerealExtraBold.ttf in Resources */,
				113909F32B874DA08A6B95F4 /* AirbnbCerealLight.ttf in Resources */,
				D0F87515B54340DE88F6C2D7 /* AirbnbCerealMedium.ttf in Resources */,
				74AFDEDF0FA7426488388FE1 /* brown.ttf in Resources */,
			);
			runOnlyForDeploymentPostprocessing = 0;
		};
		2D02E4791E0B4A5D006451C7 /* Resources */ = {
			isa = PBXResourcesBuildPhase;
			buildActionMask = 2147483647;
			files = (
				2D02E4BD1E0B4A84006451C7 /* Images.xcassets in Resources */,
			);
			runOnlyForDeploymentPostprocessing = 0;
		};
		2D02E48E1E0B4A5D006451C7 /* Resources */ = {
			isa = PBXResourcesBuildPhase;
			buildActionMask = 2147483647;
			files = (
			);
			runOnlyForDeploymentPostprocessing = 0;
		};
/* End PBXResourcesBuildPhase section */

/* Begin PBXShellScriptBuildPhase section */
		00DD1BFF1BD5951E006B06BC /* Bundle React Native code and images */ = {
			isa = PBXShellScriptBuildPhase;
			buildActionMask = 2147483647;
			files = (
			);
			inputPaths = (
			);
			name = "Bundle React Native code and images";
			outputPaths = (
			);
			runOnlyForDeploymentPostprocessing = 0;
			shellPath = /bin/sh;
			shellScript = "export NODE_BINARY=node\n../node_modules/react-native/scripts/react-native-xcode.sh";
		};
		2D02E4CB1E0B4B27006451C7 /* Bundle React Native Code And Images */ = {
			isa = PBXShellScriptBuildPhase;
			buildActionMask = 2147483647;
			files = (
			);
			inputPaths = (
			);
			name = "Bundle React Native Code And Images";
			outputPaths = (
			);
			runOnlyForDeploymentPostprocessing = 0;
			shellPath = /bin/sh;
			shellScript = "export NODE_BINARY=node\n../node_modules/react-native/scripts/react-native-xcode.sh";
		};
		FD10A7F022414F080027D42C /* Start Packager */ = {
			isa = PBXShellScriptBuildPhase;
			buildActionMask = 2147483647;
			files = (
			);
			inputFileListPaths = (
			);
			inputPaths = (
			);
			name = "Start Packager";
			outputFileListPaths = (
			);
			outputPaths = (
			);
			runOnlyForDeploymentPostprocessing = 0;
			shellPath = /bin/sh;
			shellScript = "export RCT_METRO_PORT=\"${RCT_METRO_PORT:=8081}\"\necho \"export RCT_METRO_PORT=${RCT_METRO_PORT}\" > \"${SRCROOT}/../node_modules/react-native/scripts/.packager.env\"\nif [ -z \"${RCT_NO_LAUNCH_PACKAGER+xxx}\" ] ; then\n  if nc -w 5 -z localhost ${RCT_METRO_PORT} ; then\n    if ! curl -s \"http://localhost:${RCT_METRO_PORT}/status\" | grep -q \"packager-status:running\" ; then\n      echo \"Port ${RCT_METRO_PORT} already in use, packager is either not running or not running correctly\"\n      exit 2\n    fi\n  else\n    open \"$SRCROOT/../node_modules/react-native/scripts/launchPackager.command\" || echo \"Can't start packager automatically\"\n  fi\nfi\n";
			showEnvVarsInLog = 0;
		};
		FD10A7F122414F3F0027D42C /* Start Packager */ = {
			isa = PBXShellScriptBuildPhase;
			buildActionMask = 2147483647;
			files = (
			);
			inputFileListPaths = (
			);
			inputPaths = (
			);
			name = "Start Packager";
			outputFileListPaths = (
			);
			outputPaths = (
			);
			runOnlyForDeploymentPostprocessing = 0;
			shellPath = /bin/sh;
			shellScript = "export RCT_METRO_PORT=\"${RCT_METRO_PORT:=8081}\"\necho \"export RCT_METRO_PORT=${RCT_METRO_PORT}\" > \"${SRCROOT}/../node_modules/react-native/scripts/.packager.env\"\nif [ -z \"${RCT_NO_LAUNCH_PACKAGER+xxx}\" ] ; then\n  if nc -w 5 -z localhost ${RCT_METRO_PORT} ; then\n    if ! curl -s \"http://localhost:${RCT_METRO_PORT}/status\" | grep -q \"packager-status:running\" ; then\n      echo \"Port ${RCT_METRO_PORT} already in use, packager is either not running or not running correctly\"\n      exit 2\n    fi\n  else\n    open \"$SRCROOT/../node_modules/react-native/scripts/launchPackager.command\" || echo \"Can't start packager automatically\"\n  fi\nfi\n";
			showEnvVarsInLog = 0;
		};
/* End PBXShellScriptBuildPhase section */

/* Begin PBXSourcesBuildPhase section */
		00E356EA1AD99517003FC87E /* Sources */ = {
			isa = PBXSourcesBuildPhase;
			buildActionMask = 2147483647;
			files = (
				00E356F31AD99517003FC87E /* HR2usMobileAppTests.m in Sources */,
			);
			runOnlyForDeploymentPostprocessing = 0;
		};
		13B07F871A680F5B00A75B9A /* Sources */ = {
			isa = PBXSourcesBuildPhase;
			buildActionMask = 2147483647;
			files = (
				13B07FBC1A68108700A75B9A /* AppDelegate.m in Sources */,
				13B07FC11A68108700A75B9A /* main.m in Sources */,
			);
			runOnlyForDeploymentPostprocessing = 0;
		};
		2D02E4771E0B4A5D006451C7 /* Sources */ = {
			isa = PBXSourcesBuildPhase;
			buildActionMask = 2147483647;
			files = (
				2D02E4BF1E0B4AB3006451C7 /* main.m in Sources */,
				2D02E4BC1E0B4A80006451C7 /* AppDelegate.m in Sources */,
			);
			runOnlyForDeploymentPostprocessing = 0;
		};
		2D02E48C1E0B4A5D006451C7 /* Sources */ = {
			isa = PBXSourcesBuildPhase;
			buildActionMask = 2147483647;
			files = (
				2DCD954D1E0B4F2C00145EB5 /* HR2usMobileAppTests.m in Sources */,
			);
			runOnlyForDeploymentPostprocessing = 0;
		};
/* End PBXSourcesBuildPhase section */

/* Begin PBXTargetDependency section */
		00E356F51AD99517003FC87E /* PBXTargetDependency */ = {
			isa = PBXTargetDependency;
			target = 13B07F861A680F5B00A75B9A /* HR2usMobileApp */;
			targetProxy = 00E356F41AD99517003FC87E /* PBXContainerItemProxy */;
		};
		2D02E4921E0B4A5D006451C7 /* PBXTargetDependency */ = {
			isa = PBXTargetDependency;
			target = 2D02E47A1E0B4A5D006451C7 /* HR2usMobileApp-tvOS */;
			targetProxy = 2D02E4911E0B4A5D006451C7 /* PBXContainerItemProxy */;
		};
/* End PBXTargetDependency section */

/* Begin PBXVariantGroup section */
		13B07FB11A68108700A75B9A /* LaunchScreen.xib */ = {
			isa = PBXVariantGroup;
			children = (
				13B07FB21A68108700A75B9A /* Base */,
			);
			name = LaunchScreen.xib;
			path = HR2usMobileApp;
			sourceTree = "<group>";
		};
/* End PBXVariantGroup section */

/* Begin XCBuildConfiguration section */
		00E356F61AD99517003FC87E /* Debug */ = {
			isa = XCBuildConfiguration;
			buildSettings = {
				BUNDLE_LOADER = "$(TEST_HOST)";
				GCC_PREPROCESSOR_DEFINITIONS = (
					"DEBUG=1",
					"$(inherited)",
				);
				INFOPLIST_FILE = HR2usMobileAppTests/Info.plist;
				IPHONEOS_DEPLOYMENT_TARGET = 9.0;
				LD_RUNPATH_SEARCH_PATHS = "$(inherited) @executable_path/Frameworks @loader_path/Frameworks";
				OTHER_LDFLAGS = (
					"-ObjC",
					"-lc++",
					"$(inherited)",
				);
				PRODUCT_BUNDLE_IDENTIFIER = "org.reactjs.native.example.$(PRODUCT_NAME:rfc1034identifier)";
				PRODUCT_NAME = "$(TARGET_NAME)";
				TEST_HOST = "$(BUILT_PRODUCTS_DIR)/HR2usMobileApp.app/HR2usMobileApp";
			};
			name = Debug;
		};
		00E356F71AD99517003FC87E /* Release */ = {
			isa = XCBuildConfiguration;
			buildSettings = {
				BUNDLE_LOADER = "$(TEST_HOST)";
				COPY_PHASE_STRIP = NO;
				INFOPLIST_FILE = HR2usMobileAppTests/Info.plist;
				IPHONEOS_DEPLOYMENT_TARGET = 9.0;
				LD_RUNPATH_SEARCH_PATHS = "$(inherited) @executable_path/Frameworks @loader_path/Frameworks";
				OTHER_LDFLAGS = (
					"-ObjC",
					"-lc++",
					"$(inherited)",
				);
				PRODUCT_BUNDLE_IDENTIFIER = "org.reactjs.native.example.$(PRODUCT_NAME:rfc1034identifier)";
				PRODUCT_NAME = "$(TARGET_NAME)";
				TEST_HOST = "$(BUILT_PRODUCTS_DIR)/HR2usMobileApp.app/HR2usMobileApp";
			};
			name = Release;
		};
		13B07F941A680F5B00A75B9A /* Debug */ = {
			isa = XCBuildConfiguration;
			buildSettings = {
				ASSETCATALOG_COMPILER_APPICON_NAME = AppIcon;
				CURRENT_PROJECT_VERSION = 1;
				DEAD_CODE_STRIPPING = NO;
				INFOPLIST_FILE = HR2usMobileApp/Info.plist;
				LD_RUNPATH_SEARCH_PATHS = "$(inherited) @executable_path/Frameworks";
				OTHER_LDFLAGS = (
					"$(inherited)",
					"-ObjC",
					"-lc++",
				);
				PRODUCT_BUNDLE_IDENTIFIER = "org.reactjs.native.example.$(PRODUCT_NAME:rfc1034identifier)";
				PRODUCT_NAME = HR2usMobileApp;
				VERSIONING_SYSTEM = "apple-generic";
			};
			name = Debug;
		};
		13B07F951A680F5B00A75B9A /* Release */ = {
			isa = XCBuildConfiguration;
			buildSettings = {
				ASSETCATALOG_COMPILER_APPICON_NAME = AppIcon;
				CURRENT_PROJECT_VERSION = 1;
				INFOPLIST_FILE = HR2usMobileApp/Info.plist;
				LD_RUNPATH_SEARCH_PATHS = "$(inherited) @executable_path/Frameworks";
				OTHER_LDFLAGS = (
					"$(inherited)",
					"-ObjC",
					"-lc++",
				);
				PRODUCT_BUNDLE_IDENTIFIER = "org.reactjs.native.example.$(PRODUCT_NAME:rfc1034identifier)";
				PRODUCT_NAME = HR2usMobileApp;
				VERSIONING_SYSTEM = "apple-generic";
			};
			name = Release;
		};
		2D02E4971E0B4A5E006451C7 /* Debug */ = {
			isa = XCBuildConfiguration;
			buildSettings = {
				ASSETCATALOG_COMPILER_APPICON_NAME = "App Icon & Top Shelf Image";
				ASSETCATALOG_COMPILER_LAUNCHIMAGE_NAME = LaunchImage;
				CLANG_ANALYZER_NONNULL = YES;
				CLANG_WARN_DOCUMENTATION_COMMENTS = YES;
				CLANG_WARN_INFINITE_RECURSION = YES;
				CLANG_WARN_SUSPICIOUS_MOVE = YES;
				DEBUG_INFORMATION_FORMAT = dwarf;
				ENABLE_TESTABILITY = YES;
				GCC_NO_COMMON_BLOCKS = YES;
				INFOPLIST_FILE = "HR2usMobileApp-tvOS/Info.plist";
				LD_RUNPATH_SEARCH_PATHS = "$(inherited) @executable_path/Frameworks";
				OTHER_LDFLAGS = (
					"$(inherited)",
					"-ObjC",
					"-lc++",
				);
				PRODUCT_BUNDLE_IDENTIFIER = "com.facebook.REACT.HR2usMobileApp-tvOS";
				PRODUCT_NAME = "$(TARGET_NAME)";
				SDKROOT = appletvos;
				TARGETED_DEVICE_FAMILY = 3;
				TVOS_DEPLOYMENT_TARGET = 9.2;
			};
			name = Debug;
		};
		2D02E4981E0B4A5E006451C7 /* Release */ = {
			isa = XCBuildConfiguration;
			buildSettings = {
				ASSETCATALOG_COMPILER_APPICON_NAME = "App Icon & Top Shelf Image";
				ASSETCATALOG_COMPILER_LAUNCHIMAGE_NAME = LaunchImage;
				CLANG_ANALYZER_NONNULL = YES;
				CLANG_WARN_DOCUMENTATION_COMMENTS = YES;
				CLANG_WARN_INFINITE_RECURSION = YES;
				CLANG_WARN_SUSPICIOUS_MOVE = YES;
				COPY_PHASE_STRIP = NO;
				DEBUG_INFORMATION_FORMAT = "dwarf-with-dsym";
				GCC_NO_COMMON_BLOCKS = YES;
				INFOPLIST_FILE = "HR2usMobileApp-tvOS/Info.plist";
				LD_RUNPATH_SEARCH_PATHS = "$(inherited) @executable_path/Frameworks";
				OTHER_LDFLAGS = (
					"$(inherited)",
					"-ObjC",
					"-lc++",
				);
				PRODUCT_BUNDLE_IDENTIFIER = "com.facebook.REACT.HR2usMobileApp-tvOS";
				PRODUCT_NAME = "$(TARGET_NAME)";
				SDKROOT = appletvos;
				TARGETED_DEVICE_FAMILY = 3;
				TVOS_DEPLOYMENT_TARGET = 9.2;
			};
			name = Release;
		};
		2D02E4991E0B4A5E006451C7 /* Debug */ = {
			isa = XCBuildConfiguration;
			buildSettings = {
				BUNDLE_LOADER = "$(TEST_HOST)";
				CLANG_ANALYZER_NONNULL = YES;
				CLANG_WARN_DOCUMENTATION_COMMENTS = YES;
				CLANG_WARN_INFINITE_RECURSION = YES;
				CLANG_WARN_SUSPICIOUS_MOVE = YES;
				DEBUG_INFORMATION_FORMAT = dwarf;
				ENABLE_TESTABILITY = YES;
				GCC_NO_COMMON_BLOCKS = YES;
				INFOPLIST_FILE = "HR2usMobileApp-tvOSTests/Info.plist";
				LD_RUNPATH_SEARCH_PATHS = "$(inherited) @executable_path/Frameworks @loader_path/Frameworks";
				OTHER_LDFLAGS = (
					"$(inherited)",
					"-ObjC",
					"-lc++",
				);
				PRODUCT_BUNDLE_IDENTIFIER = "com.facebook.REACT.HR2usMobileApp-tvOSTests";
				PRODUCT_NAME = "$(TARGET_NAME)";
				SDKROOT = appletvos;
				TEST_HOST = "$(BUILT_PRODUCTS_DIR)/HR2usMobileApp-tvOS.app/HR2usMobileApp-tvOS";
				TVOS_DEPLOYMENT_TARGET = 10.1;
			};
			name = Debug;
		};
		2D02E49A1E0B4A5E006451C7 /* Release */ = {
			isa = XCBuildConfiguration;
			buildSettings = {
				BUNDLE_LOADER = "$(TEST_HOST)";
				CLANG_ANALYZER_NONNULL = YES;
				CLANG_WARN_DOCUMENTATION_COMMENTS = YES;
				CLANG_WARN_INFINITE_RECURSION = YES;
				CLANG_WARN_SUSPICIOUS_MOVE = YES;
				COPY_PHASE_STRIP = NO;
				DEBUG_INFORMATION_FORMAT = "dwarf-with-dsym";
				GCC_NO_COMMON_BLOCKS = YES;
				INFOPLIST_FILE = "HR2usMobileApp-tvOSTests/Info.plist";
				LD_RUNPATH_SEARCH_PATHS = "$(inherited) @executable_path/Frameworks @loader_path/Frameworks";
				OTHER_LDFLAGS = (
					"$(inherited)",
					"-ObjC",
					"-lc++",
				);
				PRODUCT_BUNDLE_IDENTIFIER = "com.facebook.REACT.HR2usMobileApp-tvOSTests";
				PRODUCT_NAME = "$(TARGET_NAME)";
				SDKROOT = appletvos;
				TEST_HOST = "$(BUILT_PRODUCTS_DIR)/HR2usMobileApp-tvOS.app/HR2usMobileApp-tvOS";
				TVOS_DEPLOYMENT_TARGET = 10.1;
			};
			name = Release;
		};
		83CBBA201A601CBA00E9B192 /* Debug */ = {
			isa = XCBuildConfiguration;
			buildSettings = {
				ALWAYS_SEARCH_USER_PATHS = NO;
				CLANG_CXX_LANGUAGE_STANDARD = "gnu++0x";
				CLANG_CXX_LIBRARY = "libc++";
				CLANG_ENABLE_MODULES = YES;
				CLANG_ENABLE_OBJC_ARC = YES;
				CLANG_WARN_BLOCK_CAPTURE_AUTORELEASING = YES;
				CLANG_WARN_BOOL_CONVERSION = YES;
				CLANG_WARN_COMMA = YES;
				CLANG_WARN_CONSTANT_CONVERSION = YES;
				CLANG_WARN_DEPRECATED_OBJC_IMPLEMENTATIONS = YES;
				CLANG_WARN_DIRECT_OBJC_ISA_USAGE = YES_ERROR;
				CLANG_WARN_EMPTY_BODY = YES;
				CLANG_WARN_ENUM_CONVERSION = YES;
				CLANG_WARN_INFINITE_RECURSION = YES;
				CLANG_WARN_INT_CONVERSION = YES;
				CLANG_WARN_NON_LITERAL_NULL_CONVERSION = YES;
				CLANG_WARN_OBJC_IMPLICIT_RETAIN_SELF = YES;
				CLANG_WARN_OBJC_LITERAL_CONVERSION = YES;
				CLANG_WARN_OBJC_ROOT_CLASS = YES_ERROR;
				CLANG_WARN_RANGE_LOOP_ANALYSIS = YES;
				CLANG_WARN_STRICT_PROTOTYPES = YES;
				CLANG_WARN_SUSPICIOUS_MOVE = YES;
				CLANG_WARN_UNREACHABLE_CODE = YES;
				CLANG_WARN__DUPLICATE_METHOD_MATCH = YES;
				"CODE_SIGN_IDENTITY[sdk=iphoneos*]" = "iPhone Developer";
				COPY_PHASE_STRIP = NO;
				ENABLE_STRICT_OBJC_MSGSEND = YES;
				ENABLE_TESTABILITY = YES;
				GCC_C_LANGUAGE_STANDARD = gnu99;
				GCC_DYNAMIC_NO_PIC = NO;
				GCC_NO_COMMON_BLOCKS = YES;
				GCC_OPTIMIZATION_LEVEL = 0;
				GCC_PREPROCESSOR_DEFINITIONS = (
					"DEBUG=1",
					"$(inherited)",
				);
				GCC_SYMBOLS_PRIVATE_EXTERN = NO;
				GCC_WARN_64_TO_32_BIT_CONVERSION = YES;
				GCC_WARN_ABOUT_RETURN_TYPE = YES_ERROR;
				GCC_WARN_UNDECLARED_SELECTOR = YES;
				GCC_WARN_UNINITIALIZED_AUTOS = YES_AGGRESSIVE;
				GCC_WARN_UNUSED_FUNCTION = YES;
				GCC_WARN_UNUSED_VARIABLE = YES;
				IPHONEOS_DEPLOYMENT_TARGET = 9.0;
				MTL_ENABLE_DEBUG_INFO = YES;
				ONLY_ACTIVE_ARCH = YES;
				SDKROOT = iphoneos;
			};
			name = Debug;
		};
		83CBBA211A601CBA00E9B192 /* Release */ = {
			isa = XCBuildConfiguration;
			buildSettings = {
				ALWAYS_SEARCH_USER_PATHS = NO;
				CLANG_CXX_LANGUAGE_STANDARD = "gnu++0x";
				CLANG_CXX_LIBRARY = "libc++";
				CLANG_ENABLE_MODULES = YES;
				CLANG_ENABLE_OBJC_ARC = YES;
				CLANG_WARN_BLOCK_CAPTURE_AUTORELEASING = YES;
				CLANG_WARN_BOOL_CONVERSION = YES;
				CLANG_WARN_COMMA = YES;
				CLANG_WARN_CONSTANT_CONVERSION = YES;
				CLANG_WARN_DEPRECATED_OBJC_IMPLEMENTATIONS = YES;
				CLANG_WARN_DIRECT_OBJC_ISA_USAGE = YES_ERROR;
				CLANG_WARN_EMPTY_BODY = YES;
				CLANG_WARN_ENUM_CONVERSION = YES;
				CLANG_WARN_INFINITE_RECURSION = YES;
				CLANG_WARN_INT_CONVERSION = YES;
				CLANG_WARN_NON_LITERAL_NULL_CONVERSION = YES;
				CLANG_WARN_OBJC_IMPLICIT_RETAIN_SELF = YES;
				CLANG_WARN_OBJC_LITERAL_CONVERSION = YES;
				CLANG_WARN_OBJC_ROOT_CLASS = YES_ERROR;
				CLANG_WARN_RANGE_LOOP_ANALYSIS = YES;
				CLANG_WARN_STRICT_PROTOTYPES = YES;
				CLANG_WARN_SUSPICIOUS_MOVE = YES;
				CLANG_WARN_UNREACHABLE_CODE = YES;
				CLANG_WARN__DUPLICATE_METHOD_MATCH = YES;
				"CODE_SIGN_IDENTITY[sdk=iphoneos*]" = "iPhone Developer";
				COPY_PHASE_STRIP = YES;
				ENABLE_NS_ASSERTIONS = NO;
				ENABLE_STRICT_OBJC_MSGSEND = YES;
				GCC_C_LANGUAGE_STANDARD = gnu99;
				GCC_NO_COMMON_BLOCKS = YES;
				GCC_WARN_64_TO_32_BIT_CONVERSION = YES;
				GCC_WARN_ABOUT_RETURN_TYPE = YES_ERROR;
				GCC_WARN_UNDECLARED_SELECTOR = YES;
				GCC_WARN_UNINITIALIZED_AUTOS = YES_AGGRESSIVE;
				GCC_WARN_UNUSED_FUNCTION = YES;
				GCC_WARN_UNUSED_VARIABLE = YES;
				IPHONEOS_DEPLOYMENT_TARGET = 9.0;
				MTL_ENABLE_DEBUG_INFO = NO;
				SDKROOT = iphoneos;
				VALIDATE_PRODUCT = YES;
			};
			name = Release;
		};
/* End XCBuildConfiguration section */

/* Begin XCConfigurationList section */
		00E357021AD99517003FC87E /* Build configuration list for PBXNativeTarget "HR2usMobileAppTests" */ = {
			isa = XCConfigurationList;
			buildConfigurations = (
				00E356F61AD99517003FC87E /* Debug */,
				00E356F71AD99517003FC87E /* Release */,
			);
			defaultConfigurationIsVisible = 0;
			defaultConfigurationName = Release;
		};
		13B07F931A680F5B00A75B9A /* Build configuration list for PBXNativeTarget "HR2usMobileApp" */ = {
			isa = XCConfigurationList;
			buildConfigurations = (
				13B07F941A680F5B00A75B9A /* Debug */,
				13B07F951A680F5B00A75B9A /* Release */,
			);
			defaultConfigurationIsVisible = 0;
			defaultConfigurationName = Release;
		};
		2D02E4BA1E0B4A5E006451C7 /* Build configuration list for PBXNativeTarget "HR2usMobileApp-tvOS" */ = {
			isa = XCConfigurationList;
			buildConfigurations = (
				2D02E4971E0B4A5E006451C7 /* Debug */,
				2D02E4981E0B4A5E006451C7 /* Release */,
			);
			defaultConfigurationIsVisible = 0;
			defaultConfigurationName = Release;
		};
		2D02E4BB1E0B4A5E006451C7 /* Build configuration list for PBXNativeTarget "HR2usMobileApp-tvOSTests" */ = {
			isa = XCConfigurationList;
			buildConfigurations = (
				2D02E4991E0B4A5E006451C7 /* Debug */,
				2D02E49A1E0B4A5E006451C7 /* Release */,
			);
			defaultConfigurationIsVisible = 0;
			defaultConfigurationName = Release;
		};
		83CBB9FA1A601CBA00E9B192 /* Build configuration list for PBXProject "HR2usMobileApp" */ = {
			isa = XCConfigurationList;
			buildConfigurations = (
				83CBBA201A601CBA00E9B192 /* Debug */,
				83CBBA211A601CBA00E9B192 /* Release */,
			);
			defaultConfigurationIsVisible = 0;
			defaultConfigurationName = Release;
		};
/* End XCConfigurationList section */
	};
	rootObject = 83CBB9F71A601CBA00E9B192 /* Project object */;
}
